
Microsoft Visual Studio Solution File, Format Version 12.00
# Visual Studio Version 17
VisualStudioVersion = 17.4.33205.214
MinimumVisualStudioVersion = 10.0.40219.1
Project("{2150E333-8FDC-42A3-9474-1A3956D46DE8}") = "FrontEnd", "FrontEnd", "{25872AEC-F251-41F4-8BA4-8777CEDEB9C1}"
EndProject
Project("{2150E333-8FDC-42A3-9474-1A3956D46DE8}") = "Gateway", "Gateway", "{67118986-BF68-4106-8C24-C28A2C3A82AD}"
EndProject
Project("{2150E333-8FDC-42A3-9474-1A3956D46DE8}") = "Integration", "Integration", "{16195543-E142-46BE-9168-39CA42C5A92F}"
EndProject
Project("{2150E333-8FDC-42A3-9474-1A3956D46DE8}") = "Services", "Services", "{F324B953-E65A-446C-A38B-12389265DA1F}"
EndProject
Project("{9A19103F-16F7-4668-BE54-9A1E7A4F7556}") = "Restaurant.Services.CouponAPI", "Restaurant.Services.Coupon\Restaurant.Services.CouponAPI.csproj", "{C4F869CE-EC94-4410-A58C-B78B9D2D9CAC}"
EndProject
Project("{FAE04EC0-301F-11D3-BF4B-00C04F79EFBC}") = "Restaurant.Web", "Restaurqnt.Web\Restaurant.Web.csproj", "{C90C740E-6744-46E4-9430-1F374AB693C7}"
EndProject
Global
	GlobalSection(SolutionConfigurationPlatforms) = preSolution
		Debug|Any CPU = Debug|Any CPU
		Release|Any CPU = Release|Any CPU
	EndGlobalSection
	GlobalSection(ProjectConfigurationPlatforms) = postSolution
		{C4F869CE-EC94-4410-A58C-B78B9D2D9CAC}.Debug|Any CPU.ActiveCfg = Debug|Any CPU
		{C4F869CE-EC94-4410-A58C-B78B9D2D9CAC}.Debug|Any CPU.Build.0 = Debug|Any CPU
		{C4F869CE-EC94-4410-A58C-B78B9D2D9CAC}.Release|Any CPU.ActiveCfg = Release|Any CPU
		{C4F869CE-EC94-4410-A58C-B78B9D2D9CAC}.Release|Any CPU.Build.0 = Release|Any CPU
		{C90C740E-6744-46E4-9430-1F374AB693C7}.Debug|Any CPU.ActiveCfg = Debug|Any CPU
		{C90C740E-6744-46E4-9430-1F374AB693C7}.Debug|Any CPU.Build.0 = Debug|Any CPU
		{C90C740E-6744-46E4-9430-1F374AB693C7}.Release|Any CPU.ActiveCfg = Release|Any CPU
		{C90C740E-6744-46E4-9430-1F374AB693C7}.Release|Any CPU.Build.0 = Release|Any CPU
	EndGlobalSection
	GlobalSection(SolutionProperties) = preSolution
		HideSolutionNode = FALSE
	EndGlobalSection
	GlobalSection(NestedProjects) = preSolution
		{C4F869CE-EC94-4410-A58C-B78B9D2D9CAC} = {F324B953-E65A-446C-A38B-12389265DA1F}
		{C90C740E-6744-46E4-9430-1F374AB693C7} = {25872AEC-F251-41F4-8BA4-8777CEDEB9C1}
	EndGlobalSection
	GlobalSection(ExtensibilityGlobals) = postSolution
		SolutionGuid = {C3D5C321-D9AD-46C2-9A69-0F417135E975}
	EndGlobalSection
EndGlobal
